
Microsoft Visual Studio Solution File, Format Version 12.00
# Visual Studio Version 17
VisualStudioVersion = 17.0.31903.59
MinimumVisualStudioVersion = 10.0.40219.1
Project("{2150E333-8FDC-42A3-9474-1A3956D46DE8}") = "src", "src", "{DAC9D3AE-7609-4771-A8AE-5A53D03F11A7}"
EndProject
Project("{FAE04EC0-301F-11D3-BF4B-00C04F79EFBC}") = "Sander", "src\Sander\Sander.csproj", "{690BDD55-FE33-48BE-8CE7-424A49BFC848}"
EndProject
Project("{2150E333-8FDC-42A3-9474-1A3956D46DE8}") = "Buckle", "Buckle", "{06964CDD-331B-4AFE-8D90-8D71A410CA0E}"
EndProject
Project("{FAE04EC0-301F-11D3-BF4B-00C04F79EFBC}") = "CommandLine", "src\Buckle\CommandLine\CommandLine.csproj", "{65176843-0F21-4780-A190-16C4C7EB68FC}"
EndProject
Project("{FAE04EC0-301F-11D3-BF4B-00C04F79EFBC}") = "CommandLine.Tests", "src\Buckle\CommandLine.Tests\CommandLine.Tests.csproj", "{3864B5AE-6929-4AE0-B40F-A11EC48B18C4}"
EndProject
Project("{FAE04EC0-301F-11D3-BF4B-00C04F79EFBC}") = "Compiler", "src\Buckle\Compiler\Compiler.csproj", "{637EF64C-6C37-47FB-88F1-D2C1CF2E8966}"
EndProject
Project("{FAE04EC0-301F-11D3-BF4B-00C04F79EFBC}") = "Compiler.Tests", "src\Buckle\Compiler.Tests\Compiler.Tests.csproj", "{8D0570AE-2A87-42E1-BF8F-C933968C2989}"
EndProject
Project("{FAE04EC0-301F-11D3-BF4B-00C04F79EFBC}") = "Repl", "src\Buckle\Repl\Repl.csproj", "{41ABE8F0-596D-4241-A831-53D72F9645DA}"
EndProject
Project("{FAE04EC0-301F-11D3-BF4B-00C04F79EFBC}") = "Shared", "src\Buckle\Shared\Shared.csproj", "{7664F223-4ACA-4DF3-98E3-F2342BB32ED8}"
EndProject
Project("{FAE04EC0-301F-11D3-BF4B-00C04F79EFBC}") = "Shared.Tests", "src\Buckle\Shared.Tests\Shared.Tests.csproj", "{50B8E5C0-81B5-4BF2-951B-A27ED7301D16}"
EndProject
Project("{2150E333-8FDC-42A3-9474-1A3956D46DE8}") = "SourceGenerators", "SourceGenerators", "{E87C0C58-9CD6-498E-B3B8-7454776D893B}"
EndProject
Project("{FAE04EC0-301F-11D3-BF4B-00C04F79EFBC}") = "SyntaxGenerator", "src\Buckle\SourceGenerators\SyntaxGenerator\SyntaxGenerator.csproj", "{BFFF9DD9-B926-414D-A7C9-031C8801BDB3}"
EndProject
Project("{2150E333-8FDC-42A3-9474-1A3956D46DE8}") = "Dependencies", "Dependencies", "{FDA0EAF9-F187-4FFD-B43E-E63847102AC2}"
EndProject
Project("{FAE04EC0-301F-11D3-BF4B-00C04F79EFBC}") = "Diagnostics", "src\Dependencies\Diagnostics\Diagnostics.csproj", "{0AC81614-CEAF-4FA0-AACA-2C81683E91EC}"
EndProject
Project("{FAE04EC0-301F-11D3-BF4B-00C04F79EFBC}") = "Diagnostics.Tests", "src\Dependencies\Diagnostics.Tests\Diagnostics.Tests.csproj", "{F7C47213-A247-4FB5-BE18-6A3F1456ABC7}"
EndProject
Global
	GlobalSection(SolutionConfigurationPlatforms) = preSolution
		Debug|Any CPU = Debug|Any CPU
		Release|Any CPU = Release|Any CPU
	EndGlobalSection
	GlobalSection(SolutionProperties) = preSolution
		HideSolutionNode = FALSE
	EndGlobalSection
	GlobalSection(ProjectConfigurationPlatforms) = postSolution
		{690BDD55-FE33-48BE-8CE7-424A49BFC848}.Debug|Any CPU.ActiveCfg = Debug|Any CPU
		{690BDD55-FE33-48BE-8CE7-424A49BFC848}.Debug|Any CPU.Build.0 = Debug|Any CPU
		{690BDD55-FE33-48BE-8CE7-424A49BFC848}.Release|Any CPU.ActiveCfg = Release|Any CPU
		{690BDD55-FE33-48BE-8CE7-424A49BFC848}.Release|Any CPU.Build.0 = Release|Any CPU
		{65176843-0F21-4780-A190-16C4C7EB68FC}.Debug|Any CPU.ActiveCfg = Debug|Any CPU
		{65176843-0F21-4780-A190-16C4C7EB68FC}.Debug|Any CPU.Build.0 = Debug|Any CPU
		{65176843-0F21-4780-A190-16C4C7EB68FC}.Release|Any CPU.ActiveCfg = Release|Any CPU
		{65176843-0F21-4780-A190-16C4C7EB68FC}.Release|Any CPU.Build.0 = Release|Any CPU
		{3864B5AE-6929-4AE0-B40F-A11EC48B18C4}.Debug|Any CPU.ActiveCfg = Debug|Any CPU
		{3864B5AE-6929-4AE0-B40F-A11EC48B18C4}.Debug|Any CPU.Build.0 = Debug|Any CPU
		{3864B5AE-6929-4AE0-B40F-A11EC48B18C4}.Release|Any CPU.ActiveCfg = Release|Any CPU
		{3864B5AE-6929-4AE0-B40F-A11EC48B18C4}.Release|Any CPU.Build.0 = Release|Any CPU
		{637EF64C-6C37-47FB-88F1-D2C1CF2E8966}.Debug|Any CPU.ActiveCfg = Debug|Any CPU
		{637EF64C-6C37-47FB-88F1-D2C1CF2E8966}.Debug|Any CPU.Build.0 = Debug|Any CPU
		{637EF64C-6C37-47FB-88F1-D2C1CF2E8966}.Release|Any CPU.ActiveCfg = Release|Any CPU
		{637EF64C-6C37-47FB-88F1-D2C1CF2E8966}.Release|Any CPU.Build.0 = Release|Any CPU
		{8D0570AE-2A87-42E1-BF8F-C933968C2989}.Debug|Any CPU.ActiveCfg = Debug|Any CPU
		{8D0570AE-2A87-42E1-BF8F-C933968C2989}.Debug|Any CPU.Build.0 = Debug|Any CPU
		{8D0570AE-2A87-42E1-BF8F-C933968C2989}.Release|Any CPU.ActiveCfg = Release|Any CPU
		{8D0570AE-2A87-42E1-BF8F-C933968C2989}.Release|Any CPU.Build.0 = Release|Any CPU
		{41ABE8F0-596D-4241-A831-53D72F9645DA}.Debug|Any CPU.ActiveCfg = Debug|Any CPU
		{41ABE8F0-596D-4241-A831-53D72F9645DA}.Debug|Any CPU.Build.0 = Debug|Any CPU
		{41ABE8F0-596D-4241-A831-53D72F9645DA}.Release|Any CPU.ActiveCfg = Release|Any CPU
		{41ABE8F0-596D-4241-A831-53D72F9645DA}.Release|Any CPU.Build.0 = Release|Any CPU
		{7664F223-4ACA-4DF3-98E3-F2342BB32ED8}.Debug|Any CPU.ActiveCfg = Debug|Any CPU
		{7664F223-4ACA-4DF3-98E3-F2342BB32ED8}.Debug|Any CPU.Build.0 = Debug|Any CPU
		{7664F223-4ACA-4DF3-98E3-F2342BB32ED8}.Release|Any CPU.ActiveCfg = Release|Any CPU
		{7664F223-4ACA-4DF3-98E3-F2342BB32ED8}.Release|Any CPU.Build.0 = Release|Any CPU
		{50B8E5C0-81B5-4BF2-951B-A27ED7301D16}.Debug|Any CPU.ActiveCfg = Debug|Any CPU
		{50B8E5C0-81B5-4BF2-951B-A27ED7301D16}.Debug|Any CPU.Build.0 = Debug|Any CPU
		{50B8E5C0-81B5-4BF2-951B-A27ED7301D16}.Release|Any CPU.ActiveCfg = Release|Any CPU
		{50B8E5C0-81B5-4BF2-951B-A27ED7301D16}.Release|Any CPU.Build.0 = Release|Any CPU
		{BFFF9DD9-B926-414D-A7C9-031C8801BDB3}.Debug|Any CPU.ActiveCfg = Debug|Any CPU
		{BFFF9DD9-B926-414D-A7C9-031C8801BDB3}.Debug|Any CPU.Build.0 = Debug|Any CPU
		{BFFF9DD9-B926-414D-A7C9-031C8801BDB3}.Release|Any CPU.ActiveCfg = Release|Any CPU
		{BFFF9DD9-B926-414D-A7C9-031C8801BDB3}.Release|Any CPU.Build.0 = Release|Any CPU
		{0AC81614-CEAF-4FA0-AACA-2C81683E91EC}.Debug|Any CPU.ActiveCfg = Debug|Any CPU
		{0AC81614-CEAF-4FA0-AACA-2C81683E91EC}.Debug|Any CPU.Build.0 = Debug|Any CPU
		{0AC81614-CEAF-4FA0-AACA-2C81683E91EC}.Release|Any CPU.ActiveCfg = Release|Any CPU
		{0AC81614-CEAF-4FA0-AACA-2C81683E91EC}.Release|Any CPU.Build.0 = Release|Any CPU
		{F7C47213-A247-4FB5-BE18-6A3F1456ABC7}.Debug|Any CPU.ActiveCfg = Debug|Any CPU
		{F7C47213-A247-4FB5-BE18-6A3F1456ABC7}.Debug|Any CPU.Build.0 = Debug|Any CPU
		{F7C47213-A247-4FB5-BE18-6A3F1456ABC7}.Release|Any CPU.ActiveCfg = Release|Any CPU
		{F7C47213-A247-4FB5-BE18-6A3F1456ABC7}.Release|Any CPU.Build.0 = Release|Any CPU
	EndGlobalSection
	GlobalSection(NestedProjects) = preSolution
		{690BDD55-FE33-48BE-8CE7-424A49BFC848} = {DAC9D3AE-7609-4771-A8AE-5A53D03F11A7}
		{06964CDD-331B-4AFE-8D90-8D71A410CA0E} = {DAC9D3AE-7609-4771-A8AE-5A53D03F11A7}
		{65176843-0F21-4780-A190-16C4C7EB68FC} = {06964CDD-331B-4AFE-8D90-8D71A410CA0E}
		{3864B5AE-6929-4AE0-B40F-A11EC48B18C4} = {06964CDD-331B-4AFE-8D90-8D71A410CA0E}
		{637EF64C-6C37-47FB-88F1-D2C1CF2E8966} = {06964CDD-331B-4AFE-8D90-8D71A410CA0E}
		{8D0570AE-2A87-42E1-BF8F-C933968C2989} = {06964CDD-331B-4AFE-8D90-8D71A410CA0E}
		{41ABE8F0-596D-4241-A831-53D72F9645DA} = {06964CDD-331B-4AFE-8D90-8D71A410CA0E}
		{7664F223-4ACA-4DF3-98E3-F2342BB32ED8} = {06964CDD-331B-4AFE-8D90-8D71A410CA0E}
		{50B8E5C0-81B5-4BF2-951B-A27ED7301D16} = {06964CDD-331B-4AFE-8D90-8D71A410CA0E}
		{E87C0C58-9CD6-498E-B3B8-7454776D893B} = {06964CDD-331B-4AFE-8D90-8D71A410CA0E}
		{BFFF9DD9-B926-414D-A7C9-031C8801BDB3} = {E87C0C58-9CD6-498E-B3B8-7454776D893B}
		{FDA0EAF9-F187-4FFD-B43E-E63847102AC2} = {DAC9D3AE-7609-4771-A8AE-5A53D03F11A7}
		{0AC81614-CEAF-4FA0-AACA-2C81683E91EC} = {FDA0EAF9-F187-4FFD-B43E-E63847102AC2}
		{F7C47213-A247-4FB5-BE18-6A3F1456ABC7} = {FDA0EAF9-F187-4FFD-B43E-E63847102AC2}
	EndGlobalSection
EndGlobal
